
Microsoft Visual Studio Solution File, Format Version 12.00
# Visual Studio Version 17
VisualStudioVersion = 17.14.36414.22 d17.14
MinimumVisualStudioVersion = 10.0.40219.1
Project("{FAE04EC0-301F-11D3-BF4B-00C04F79EFBC}") = "Lab07_Entity_Framework", "Lab07_Entity_Framework\Lab07_Entity_Framework.csproj", "{830663E2-4A5E-4049-A39F-025BD6CEFB02}"
EndProject
Global
	GlobalSection(SolutionConfigurationPlatforms) = preSolution
		Debug|Any CPU = Debug|Any CPU
		Release|Any CPU = Release|Any CPU
	EndGlobalSection
	GlobalSection(ProjectConfigurationPlatforms) = postSolution
		{830663E2-4A5E-4049-A39F-025BD6CEFB02}.Debug|Any CPU.ActiveCfg = Debug|Any CPU
		{830663E2-4A5E-4049-A39F-025BD6CEFB02}.Debug|Any CPU.Build.0 = Debug|Any CPU
		{830663E2-4A5E-4049-A39F-025BD6CEFB02}.Release|Any CPU.ActiveCfg = Release|Any CPU
		{830663E2-4A5E-4049-A39F-025BD6CEFB02}.Release|Any CPU.Build.0 = Release|Any CPU
	EndGlobalSection
	GlobalSection(SolutionProperties) = preSolution
		HideSolutionNode = FALSE
	EndGlobalSection
	GlobalSection(ExtensibilityGlobals) = postSolution
		SolutionGuid = {748F9F7F-7C73-4759-A921-7CFD010877D2}
	EndGlobalSection
EndGlobal
